
Microsoft Visual Studio Solution File, Format Version 12.00
# Visual Studio Version 17
VisualStudioVersion = 17.9.34607.119
MinimumVisualStudioVersion = 10.0.40219.1
Project("{2150E333-8FDC-42A3-9474-1A3956D46DE8}") = "Chapter01", "Chapter01", "{7E3A182A-DAB8-42C4-B894-462310A4413D}"
EndProject
Project("{FAE04EC0-301F-11D3-BF4B-00C04F79EFBC}") = "ProductSample", "Chapter01\ProductSample\ProductSample.csproj", "{57F4BE40-C5BE-4E3F-A225-CC8580064374}"
EndProject
Project("{FAE04EC0-301F-11D3-BF4B-00C04F79EFBC}") = "Sample_p38", "Chapter01\Sample_p38\Sample_p38.csproj", "{27C287EA-170D-449F-8532-C3EB8B1F697B}"
EndProject
Project("{2150E333-8FDC-42A3-9474-1A3956D46DE8}") = "Chapter02", "Chapter02", "{32EAB53B-8578-4984-BB0E-400319BF81C0}"
EndProject
Project("{2150E333-8FDC-42A3-9474-1A3956D46DE8}") = "距離換算プログラム", "距離換算プログラム", "{2DFB14F6-7B7F-4A80-843C-00BD0FADAD77}"
EndProject
Project("{FAE04EC0-301F-11D3-BF4B-00C04F79EFBC}") = "DistanceConverter", "Chapter02\DistanceConverter\DistanceConverter.csproj", "{18262321-6DAA-4E57-8F3D-6883F05CF7BC}"
EndProject
Project("{2150E333-8FDC-42A3-9474-1A3956D46DE8}") = "売り上げ集計プログラム", "売り上げ集計プログラム", "{FAF32273-D1F7-4EA2-A7B0-CEE82CECE9C1}"
EndProject
Project("{FAE04EC0-301F-11D3-BF4B-00C04F79EFBC}") = "SalesCounter", "Chapter02\SalesCounter\SalesCounter.csproj", "{301779A8-8592-41CF-9592-A3D4C40F662E}"
EndProject
Project("{2150E333-8FDC-42A3-9474-1A3956D46DE8}") = "#演習問題", "#演習問題", "{D1164415-E3AC-44E0-A6B0-AB84204B9528}"
EndProject
Project("{FAE04EC0-301F-11D3-BF4B-00C04F79EFBC}") = "Exercise1", "Chapter02\演習問題\Exercise1\Exercise1.csproj", "{C91D9237-12DD-4C5B-BFF3-A11B2DCB194E}"
EndProject
Project("{FAE04EC0-301F-11D3-BF4B-00C04F79EFBC}") = "Exercise2", "Chapter02\演習問題\Exercise2\Exercise2.csproj", "{8EC19CAB-E95E-49B9-9F29-4B17A6CE08E6}"
EndProject
Project("{2150E333-8FDC-42A3-9474-1A3956D46DE8}") = "FormApps", "FormApps", "{05B2869D-0AFD-4901-A974-294DC34E322C}"
EndProject
Project("{9A19103F-16F7-4668-BE54-9A1E7A4F7556}") = "BallApp", "FormApps\BallApp\BallApp.csproj", "{B86320F7-58A5-4B8F-86F6-91E8A2F7378D}"
EndProject
Project("{2150E333-8FDC-42A3-9474-1A3956D46DE8}") = "Chapter03", "Chapter03", "{CCEB2CB1-6F4A-4036-B1FE-1AC78313D321}"
EndProject
Project("{FAE04EC0-301F-11D3-BF4B-00C04F79EFBC}") = "Section01", "Chapter03\Section01\Section01.csproj", "{F1D640CA-C9DB-4D00-B0EA-91D1C7B6BCC2}"
EndProject
Project("{2150E333-8FDC-42A3-9474-1A3956D46DE8}") = "演習問題", "演習問題", "{4D25EC50-DDDC-4FA1-8E1B-29D164BE1642}"
EndProject
Project("{FAE04EC0-301F-11D3-BF4B-00C04F79EFBC}") = "Exercise01", "Chapter03\演習問題\Exercise01\Exercise01.csproj", "{FD446EB7-9693-49F3-840C-9785980EB184}"
EndProject
Project("{FAE04EC0-301F-11D3-BF4B-00C04F79EFBC}") = "Exercise02", "Chapter03\演習問題\Exercise02\Exercise02.csproj", "{9F32122C-5BBF-4AF4-BB13-162D4A8B9B15}"
EndProject
Project("{2150E333-8FDC-42A3-9474-1A3956D46DE8}") = "Chapter04", "Chapter04", "{B7FA1380-9931-40DC-93F8-725C3F1E6B62}"
EndProject
Project("{FAE04EC0-301F-11D3-BF4B-00C04F79EFBC}") = "Section01", "Chapter04\Section01\Section01.csproj", "{C979873A-6EC1-40AB-B8A0-CA030EFD6A6C}"
EndProject
Project("{2150E333-8FDC-42A3-9474-1A3956D46DE8}") = "演習問題", "演習問題", "{F3071BD1-33F3-4958-954B-F460C51771D3}"
EndProject
Project("{FAE04EC0-301F-11D3-BF4B-00C04F79EFBC}") = "Exercise01", "Chapter04\演習問題\Exercise01\Exercise01.csproj", "{2FFD49F4-73EA-4F0B-8754-A2859E39858D}"
EndProject
Project("{FAE04EC0-301F-11D3-BF4B-00C04F79EFBC}") = "Exercise02", "Chapter04\演習問題\Exercise02\Exercise02.csproj", "{0D058030-955E-4F7B-B3B6-9845291EEFED}"
EndProject
Project("{2150E333-8FDC-42A3-9474-1A3956D46DE8}") = "Chapter05", "Chapter05", "{77A31869-FCBE-420F-9D77-35B8D4259BC6}"
EndProject
Project("{2150E333-8FDC-42A3-9474-1A3956D46DE8}") = "演習問題", "演習問題", "{6EADE483-73E1-45EC-B096-3111FF29BE04}"
EndProject
Project("{FAE04EC0-301F-11D3-BF4B-00C04F79EFBC}") = "Exercise01", "Chapter05\演習問題\Exercise01\Exercise01.csproj", "{C6CC3BA7-B48F-4112-9928-38BE68993428}"
EndProject
Project("{FAE04EC0-301F-11D3-BF4B-00C04F79EFBC}") = "Exercise02", "Chapter05\演習問題\Exercise02\Exercise02.csproj", "{0E42A5C4-9902-4F32-B06A-FC2C0900F66F}"
EndProject
Project("{FAE04EC0-301F-11D3-BF4B-00C04F79EFBC}") = "Exercise03", "Chapter05\演習問題\Exercise03\Exercise03.csproj", "{F55F75B9-BBFA-4143-9B8E-96621A3B0415}"
EndProject
Project("{FAE04EC0-301F-11D3-BF4B-00C04F79EFBC}") = "Exercise04", "Chapter05\演習問題\Exercise04\Exercise04\Exercise04.csproj", "{C9B0F68C-65F2-4B1A-9783-698893379C75}"
EndProject
Project("{2150E333-8FDC-42A3-9474-1A3956D46DE8}") = "Chapter06", "Chapter06", "{A6391934-E461-4C2B-B22E-0EF1DBEC1D8D}"
EndProject
Project("{FAE04EC0-301F-11D3-BF4B-00C04F79EFBC}") = "Section01", "Chapter06\Section01\Section01.csproj", "{884B6A6B-253C-4354-9D8B-4DDBBE1F2320}"
EndProject
Project("{2150E333-8FDC-42A3-9474-1A3956D46DE8}") = "演習問題", "演習問題", "{6FF68E0E-0D45-430A-9B4B-E5B86C8E2A38}"
EndProject
Project("{FAE04EC0-301F-11D3-BF4B-00C04F79EFBC}") = "Exercise01", "Chapter06\演習問題\Exercise01\Exercise01.csproj", "{DBEC8486-39A2-4CBE-B653-DAEC0E0E4C74}"
EndProject
Project("{FAE04EC0-301F-11D3-BF4B-00C04F79EFBC}") = "Exercise02", "Chapter06\演習問題\Exercise02\Exercise02\Exercise02.csproj", "{031CB456-BF0A-4E69-BB7D-2B39E8655148}"
EndProject
Global
	GlobalSection(SolutionConfigurationPlatforms) = preSolution
		Debug|Any CPU = Debug|Any CPU
		Release|Any CPU = Release|Any CPU
	EndGlobalSection
	GlobalSection(ProjectConfigurationPlatforms) = postSolution
		{57F4BE40-C5BE-4E3F-A225-CC8580064374}.Debug|Any CPU.ActiveCfg = Debug|Any CPU
		{57F4BE40-C5BE-4E3F-A225-CC8580064374}.Debug|Any CPU.Build.0 = Debug|Any CPU
		{57F4BE40-C5BE-4E3F-A225-CC8580064374}.Release|Any CPU.ActiveCfg = Release|Any CPU
		{57F4BE40-C5BE-4E3F-A225-CC8580064374}.Release|Any CPU.Build.0 = Release|Any CPU
		{27C287EA-170D-449F-8532-C3EB8B1F697B}.Debug|Any CPU.ActiveCfg = Debug|Any CPU
		{27C287EA-170D-449F-8532-C3EB8B1F697B}.Debug|Any CPU.Build.0 = Debug|Any CPU
		{27C287EA-170D-449F-8532-C3EB8B1F697B}.Release|Any CPU.ActiveCfg = Release|Any CPU
		{27C287EA-170D-449F-8532-C3EB8B1F697B}.Release|Any CPU.Build.0 = Release|Any CPU
		{18262321-6DAA-4E57-8F3D-6883F05CF7BC}.Debug|Any CPU.ActiveCfg = Debug|Any CPU
		{18262321-6DAA-4E57-8F3D-6883F05CF7BC}.Debug|Any CPU.Build.0 = Debug|Any CPU
		{18262321-6DAA-4E57-8F3D-6883F05CF7BC}.Release|Any CPU.ActiveCfg = Release|Any CPU
		{18262321-6DAA-4E57-8F3D-6883F05CF7BC}.Release|Any CPU.Build.0 = Release|Any CPU
		{301779A8-8592-41CF-9592-A3D4C40F662E}.Debug|Any CPU.ActiveCfg = Debug|Any CPU
		{301779A8-8592-41CF-9592-A3D4C40F662E}.Debug|Any CPU.Build.0 = Debug|Any CPU
		{301779A8-8592-41CF-9592-A3D4C40F662E}.Release|Any CPU.ActiveCfg = Release|Any CPU
		{301779A8-8592-41CF-9592-A3D4C40F662E}.Release|Any CPU.Build.0 = Release|Any CPU
		{C91D9237-12DD-4C5B-BFF3-A11B2DCB194E}.Debug|Any CPU.ActiveCfg = Debug|Any CPU
		{C91D9237-12DD-4C5B-BFF3-A11B2DCB194E}.Debug|Any CPU.Build.0 = Debug|Any CPU
		{C91D9237-12DD-4C5B-BFF3-A11B2DCB194E}.Release|Any CPU.ActiveCfg = Release|Any CPU
		{C91D9237-12DD-4C5B-BFF3-A11B2DCB194E}.Release|Any CPU.Build.0 = Release|Any CPU
		{8EC19CAB-E95E-49B9-9F29-4B17A6CE08E6}.Debug|Any CPU.ActiveCfg = Debug|Any CPU
		{8EC19CAB-E95E-49B9-9F29-4B17A6CE08E6}.Debug|Any CPU.Build.0 = Debug|Any CPU
		{8EC19CAB-E95E-49B9-9F29-4B17A6CE08E6}.Release|Any CPU.ActiveCfg = Release|Any CPU
		{8EC19CAB-E95E-49B9-9F29-4B17A6CE08E6}.Release|Any CPU.Build.0 = Release|Any CPU
		{B86320F7-58A5-4B8F-86F6-91E8A2F7378D}.Debug|Any CPU.ActiveCfg = Debug|Any CPU
		{B86320F7-58A5-4B8F-86F6-91E8A2F7378D}.Debug|Any CPU.Build.0 = Debug|Any CPU
		{B86320F7-58A5-4B8F-86F6-91E8A2F7378D}.Release|Any CPU.ActiveCfg = Release|Any CPU
		{B86320F7-58A5-4B8F-86F6-91E8A2F7378D}.Release|Any CPU.Build.0 = Release|Any CPU
		{F1D640CA-C9DB-4D00-B0EA-91D1C7B6BCC2}.Debug|Any CPU.ActiveCfg = Debug|Any CPU
		{F1D640CA-C9DB-4D00-B0EA-91D1C7B6BCC2}.Debug|Any CPU.Build.0 = Debug|Any CPU
		{F1D640CA-C9DB-4D00-B0EA-91D1C7B6BCC2}.Release|Any CPU.ActiveCfg = Release|Any CPU
		{F1D640CA-C9DB-4D00-B0EA-91D1C7B6BCC2}.Release|Any CPU.Build.0 = Release|Any CPU
		{FD446EB7-9693-49F3-840C-9785980EB184}.Debug|Any CPU.ActiveCfg = Debug|Any CPU
		{FD446EB7-9693-49F3-840C-9785980EB184}.Debug|Any CPU.Build.0 = Debug|Any CPU
		{FD446EB7-9693-49F3-840C-9785980EB184}.Release|Any CPU.ActiveCfg = Release|Any CPU
		{FD446EB7-9693-49F3-840C-9785980EB184}.Release|Any CPU.Build.0 = Release|Any CPU
		{9F32122C-5BBF-4AF4-BB13-162D4A8B9B15}.Debug|Any CPU.ActiveCfg = Debug|Any CPU
		{9F32122C-5BBF-4AF4-BB13-162D4A8B9B15}.Debug|Any CPU.Build.0 = Debug|Any CPU
		{9F32122C-5BBF-4AF4-BB13-162D4A8B9B15}.Release|Any CPU.ActiveCfg = Release|Any CPU
		{9F32122C-5BBF-4AF4-BB13-162D4A8B9B15}.Release|Any CPU.Build.0 = Release|Any CPU
		{C979873A-6EC1-40AB-B8A0-CA030EFD6A6C}.Debug|Any CPU.ActiveCfg = Debug|Any CPU
		{C979873A-6EC1-40AB-B8A0-CA030EFD6A6C}.Debug|Any CPU.Build.0 = Debug|Any CPU
		{C979873A-6EC1-40AB-B8A0-CA030EFD6A6C}.Release|Any CPU.ActiveCfg = Release|Any CPU
		{C979873A-6EC1-40AB-B8A0-CA030EFD6A6C}.Release|Any CPU.Build.0 = Release|Any CPU
		{2FFD49F4-73EA-4F0B-8754-A2859E39858D}.Debug|Any CPU.ActiveCfg = Debug|Any CPU
		{2FFD49F4-73EA-4F0B-8754-A2859E39858D}.Debug|Any CPU.Build.0 = Debug|Any CPU
		{2FFD49F4-73EA-4F0B-8754-A2859E39858D}.Release|Any CPU.ActiveCfg = Release|Any CPU
		{2FFD49F4-73EA-4F0B-8754-A2859E39858D}.Release|Any CPU.Build.0 = Release|Any CPU
		{0D058030-955E-4F7B-B3B6-9845291EEFED}.Debug|Any CPU.ActiveCfg = Debug|Any CPU
		{0D058030-955E-4F7B-B3B6-9845291EEFED}.Debug|Any CPU.Build.0 = Debug|Any CPU
		{0D058030-955E-4F7B-B3B6-9845291EEFED}.Release|Any CPU.ActiveCfg = Release|Any CPU
		{0D058030-955E-4F7B-B3B6-9845291EEFED}.Release|Any CPU.Build.0 = Release|Any CPU
		{C6CC3BA7-B48F-4112-9928-38BE68993428}.Debug|Any CPU.ActiveCfg = Debug|Any CPU
		{C6CC3BA7-B48F-4112-9928-38BE68993428}.Debug|Any CPU.Build.0 = Debug|Any CPU
		{C6CC3BA7-B48F-4112-9928-38BE68993428}.Release|Any CPU.ActiveCfg = Release|Any CPU
		{C6CC3BA7-B48F-4112-9928-38BE68993428}.Release|Any CPU.Build.0 = Release|Any CPU
		{0E42A5C4-9902-4F32-B06A-FC2C0900F66F}.Debug|Any CPU.ActiveCfg = Debug|Any CPU
		{0E42A5C4-9902-4F32-B06A-FC2C0900F66F}.Debug|Any CPU.Build.0 = Debug|Any CPU
		{0E42A5C4-9902-4F32-B06A-FC2C0900F66F}.Release|Any CPU.ActiveCfg = Release|Any CPU
		{0E42A5C4-9902-4F32-B06A-FC2C0900F66F}.Release|Any CPU.Build.0 = Release|Any CPU
		{F55F75B9-BBFA-4143-9B8E-96621A3B0415}.Debug|Any CPU.ActiveCfg = Debug|Any CPU
		{F55F75B9-BBFA-4143-9B8E-96621A3B0415}.Debug|Any CPU.Build.0 = Debug|Any CPU
		{F55F75B9-BBFA-4143-9B8E-96621A3B0415}.Release|Any CPU.ActiveCfg = Release|Any CPU
		{F55F75B9-BBFA-4143-9B8E-96621A3B0415}.Release|Any CPU.Build.0 = Release|Any CPU
		{C9B0F68C-65F2-4B1A-9783-698893379C75}.Debug|Any CPU.ActiveCfg = Debug|Any CPU
		{C9B0F68C-65F2-4B1A-9783-698893379C75}.Debug|Any CPU.Build.0 = Debug|Any CPU
		{C9B0F68C-65F2-4B1A-9783-698893379C75}.Release|Any CPU.ActiveCfg = Release|Any CPU
		{C9B0F68C-65F2-4B1A-9783-698893379C75}.Release|Any CPU.Build.0 = Release|Any CPU
		{884B6A6B-253C-4354-9D8B-4DDBBE1F2320}.Debug|Any CPU.ActiveCfg = Debug|Any CPU
		{884B6A6B-253C-4354-9D8B-4DDBBE1F2320}.Debug|Any CPU.Build.0 = Debug|Any CPU
		{884B6A6B-253C-4354-9D8B-4DDBBE1F2320}.Release|Any CPU.ActiveCfg = Release|Any CPU
		{884B6A6B-253C-4354-9D8B-4DDBBE1F2320}.Release|Any CPU.Build.0 = Release|Any CPU
		{DBEC8486-39A2-4CBE-B653-DAEC0E0E4C74}.Debug|Any CPU.ActiveCfg = Debug|Any CPU
		{DBEC8486-39A2-4CBE-B653-DAEC0E0E4C74}.Debug|Any CPU.Build.0 = Debug|Any CPU
		{DBEC8486-39A2-4CBE-B653-DAEC0E0E4C74}.Release|Any CPU.ActiveCfg = Release|Any CPU
		{DBEC8486-39A2-4CBE-B653-DAEC0E0E4C74}.Release|Any CPU.Build.0 = Release|Any CPU
		{031CB456-BF0A-4E69-BB7D-2B39E8655148}.Debug|Any CPU.ActiveCfg = Debug|Any CPU
		{031CB456-BF0A-4E69-BB7D-2B39E8655148}.Debug|Any CPU.Build.0 = Debug|Any CPU
		{031CB456-BF0A-4E69-BB7D-2B39E8655148}.Release|Any CPU.ActiveCfg = Release|Any CPU
		{031CB456-BF0A-4E69-BB7D-2B39E8655148}.Release|Any CPU.Build.0 = Release|Any CPU
	EndGlobalSection
	GlobalSection(SolutionProperties) = preSolution
		HideSolutionNode = FALSE
	EndGlobalSection
	GlobalSection(NestedProjects) = preSolution
		{57F4BE40-C5BE-4E3F-A225-CC8580064374} = {7E3A182A-DAB8-42C4-B894-462310A4413D}
		{27C287EA-170D-449F-8532-C3EB8B1F697B} = {7E3A182A-DAB8-42C4-B894-462310A4413D}
		{2DFB14F6-7B7F-4A80-843C-00BD0FADAD77} = {32EAB53B-8578-4984-BB0E-400319BF81C0}
		{18262321-6DAA-4E57-8F3D-6883F05CF7BC} = {2DFB14F6-7B7F-4A80-843C-00BD0FADAD77}
		{FAF32273-D1F7-4EA2-A7B0-CEE82CECE9C1} = {32EAB53B-8578-4984-BB0E-400319BF81C0}
		{301779A8-8592-41CF-9592-A3D4C40F662E} = {FAF32273-D1F7-4EA2-A7B0-CEE82CECE9C1}
		{D1164415-E3AC-44E0-A6B0-AB84204B9528} = {32EAB53B-8578-4984-BB0E-400319BF81C0}
		{C91D9237-12DD-4C5B-BFF3-A11B2DCB194E} = {D1164415-E3AC-44E0-A6B0-AB84204B9528}
		{8EC19CAB-E95E-49B9-9F29-4B17A6CE08E6} = {D1164415-E3AC-44E0-A6B0-AB84204B9528}
		{B86320F7-58A5-4B8F-86F6-91E8A2F7378D} = {05B2869D-0AFD-4901-A974-294DC34E322C}
		{F1D640CA-C9DB-4D00-B0EA-91D1C7B6BCC2} = {CCEB2CB1-6F4A-4036-B1FE-1AC78313D321}
		{4D25EC50-DDDC-4FA1-8E1B-29D164BE1642} = {CCEB2CB1-6F4A-4036-B1FE-1AC78313D321}
		{FD446EB7-9693-49F3-840C-9785980EB184} = {4D25EC50-DDDC-4FA1-8E1B-29D164BE1642}
		{9F32122C-5BBF-4AF4-BB13-162D4A8B9B15} = {4D25EC50-DDDC-4FA1-8E1B-29D164BE1642}
		{C979873A-6EC1-40AB-B8A0-CA030EFD6A6C} = {B7FA1380-9931-40DC-93F8-725C3F1E6B62}
		{F3071BD1-33F3-4958-954B-F460C51771D3} = {B7FA1380-9931-40DC-93F8-725C3F1E6B62}
		{2FFD49F4-73EA-4F0B-8754-A2859E39858D} = {F3071BD1-33F3-4958-954B-F460C51771D3}
		{0D058030-955E-4F7B-B3B6-9845291EEFED} = {F3071BD1-33F3-4958-954B-F460C51771D3}
		{6EADE483-73E1-45EC-B096-3111FF29BE04} = {77A31869-FCBE-420F-9D77-35B8D4259BC6}
		{C6CC3BA7-B48F-4112-9928-38BE68993428} = {6EADE483-73E1-45EC-B096-3111FF29BE04}
		{0E42A5C4-9902-4F32-B06A-FC2C0900F66F} = {6EADE483-73E1-45EC-B096-3111FF29BE04}
		{F55F75B9-BBFA-4143-9B8E-96621A3B0415} = {6EADE483-73E1-45EC-B096-3111FF29BE04}
		{C9B0F68C-65F2-4B1A-9783-698893379C75} = {6EADE483-73E1-45EC-B096-3111FF29BE04}
		{884B6A6B-253C-4354-9D8B-4DDBBE1F2320} = {A6391934-E461-4C2B-B22E-0EF1DBEC1D8D}
		{6FF68E0E-0D45-430A-9B4B-E5B86C8E2A38} = {A6391934-E461-4C2B-B22E-0EF1DBEC1D8D}
		{DBEC8486-39A2-4CBE-B653-DAEC0E0E4C74} = {6FF68E0E-0D45-430A-9B4B-E5B86C8E2A38}
		{031CB456-BF0A-4E69-BB7D-2B39E8655148} = {6FF68E0E-0D45-430A-9B4B-E5B86C8E2A38}
	EndGlobalSection
	GlobalSection(ExtensibilityGlobals) = postSolution
		SolutionGuid = {60EB42EB-412F-47EF-A761-5C4B68339C59}
	EndGlobalSection
EndGlobal
