
Microsoft Visual Studio Solution File, Format Version 12.00
# Visual Studio Version 17
VisualStudioVersion = 17.9.34607.119
MinimumVisualStudioVersion = 10.0.40219.1
Project("{2150E333-8FDC-42A3-9474-1A3956D46DE8}") = "Chapter01", "Chapter01", "{7E3A182A-DAB8-42C4-B894-462310A4413D}"
EndProject
Project("{FAE04EC0-301F-11D3-BF4B-00C04F79EFBC}") = "ProductSample", "Chapter01\ProductSample\ProductSample.csproj", "{57F4BE40-C5BE-4E3F-A225-CC8580064374}"
EndProject
Project("{FAE04EC0-301F-11D3-BF4B-00C04F79EFBC}") = "Sample_p38", "Chapter01\Sample_p38\Sample_p38.csproj", "{27C287EA-170D-449F-8532-C3EB8B1F697B}"
EndProject
Project("{2150E333-8FDC-42A3-9474-1A3956D46DE8}") = "Chapter02", "Chapter02", "{32EAB53B-8578-4984-BB0E-400319BF81C0}"
EndProject
Project("{2150E333-8FDC-42A3-9474-1A3956D46DE8}") = "距離換算プログラム", "距離換算プログラム", "{2DFB14F6-7B7F-4A80-843C-00BD0FADAD77}"
EndProject
Project("{FAE04EC0-301F-11D3-BF4B-00C04F79EFBC}") = "DistanceConverter", "Chapter02\DistanceConverter\DistanceConverter.csproj", "{18262321-6DAA-4E57-8F3D-6883F05CF7BC}"
EndProject
Project("{2150E333-8FDC-42A3-9474-1A3956D46DE8}") = "売り上げ集計プログラム", "売り上げ集計プログラム", "{FAF32273-D1F7-4EA2-A7B0-CEE82CECE9C1}"
EndProject
Project("{FAE04EC0-301F-11D3-BF4B-00C04F79EFBC}") = "SalesCounter", "Chapter02\SalesCounter\SalesCounter.csproj", "{301779A8-8592-41CF-9592-A3D4C40F662E}"
EndProject
Project("{2150E333-8FDC-42A3-9474-1A3956D46DE8}") = "#演習問題", "#演習問題", "{D1164415-E3AC-44E0-A6B0-AB84204B9528}"
EndProject
Project("{FAE04EC0-301F-11D3-BF4B-00C04F79EFBC}") = "Exercise1", "Chapter02\演習問題\Exercise1\Exercise1.csproj", "{C91D9237-12DD-4C5B-BFF3-A11B2DCB194E}"
EndProject
Project("{FAE04EC0-301F-11D3-BF4B-00C04F79EFBC}") = "Exercise2", "Chapter02\演習問題\Exercise2\Exercise2.csproj", "{8EC19CAB-E95E-49B9-9F29-4B17A6CE08E6}"
EndProject
Global
	GlobalSection(SolutionConfigurationPlatforms) = preSolution
		Debug|Any CPU = Debug|Any CPU
		Release|Any CPU = Release|Any CPU
	EndGlobalSection
	GlobalSection(ProjectConfigurationPlatforms) = postSolution
		{57F4BE40-C5BE-4E3F-A225-CC8580064374}.Debug|Any CPU.ActiveCfg = Debug|Any CPU
		{57F4BE40-C5BE-4E3F-A225-CC8580064374}.Debug|Any CPU.Build.0 = Debug|Any CPU
		{57F4BE40-C5BE-4E3F-A225-CC8580064374}.Release|Any CPU.ActiveCfg = Release|Any CPU
		{57F4BE40-C5BE-4E3F-A225-CC8580064374}.Release|Any CPU.Build.0 = Release|Any CPU
		{27C287EA-170D-449F-8532-C3EB8B1F697B}.Debug|Any CPU.ActiveCfg = Debug|Any CPU
		{27C287EA-170D-449F-8532-C3EB8B1F697B}.Debug|Any CPU.Build.0 = Debug|Any CPU
		{27C287EA-170D-449F-8532-C3EB8B1F697B}.Release|Any CPU.ActiveCfg = Release|Any CPU
		{27C287EA-170D-449F-8532-C3EB8B1F697B}.Release|Any CPU.Build.0 = Release|Any CPU
		{18262321-6DAA-4E57-8F3D-6883F05CF7BC}.Debug|Any CPU.ActiveCfg = Debug|Any CPU
		{18262321-6DAA-4E57-8F3D-6883F05CF7BC}.Debug|Any CPU.Build.0 = Debug|Any CPU
		{18262321-6DAA-4E57-8F3D-6883F05CF7BC}.Release|Any CPU.ActiveCfg = Release|Any CPU
		{18262321-6DAA-4E57-8F3D-6883F05CF7BC}.Release|Any CPU.Build.0 = Release|Any CPU
		{301779A8-8592-41CF-9592-A3D4C40F662E}.Debug|Any CPU.ActiveCfg = Debug|Any CPU
		{301779A8-8592-41CF-9592-A3D4C40F662E}.Debug|Any CPU.Build.0 = Debug|Any CPU
		{301779A8-8592-41CF-9592-A3D4C40F662E}.Release|Any CPU.ActiveCfg = Release|Any CPU
		{301779A8-8592-41CF-9592-A3D4C40F662E}.Release|Any CPU.Build.0 = Release|Any CPU
		{C91D9237-12DD-4C5B-BFF3-A11B2DCB194E}.Debug|Any CPU.ActiveCfg = Debug|Any CPU
		{C91D9237-12DD-4C5B-BFF3-A11B2DCB194E}.Debug|Any CPU.Build.0 = Debug|Any CPU
		{C91D9237-12DD-4C5B-BFF3-A11B2DCB194E}.Release|Any CPU.ActiveCfg = Release|Any CPU
		{C91D9237-12DD-4C5B-BFF3-A11B2DCB194E}.Release|Any CPU.Build.0 = Release|Any CPU
		{8EC19CAB-E95E-49B9-9F29-4B17A6CE08E6}.Debug|Any CPU.ActiveCfg = Debug|Any CPU
		{8EC19CAB-E95E-49B9-9F29-4B17A6CE08E6}.Debug|Any CPU.Build.0 = Debug|Any CPU
		{8EC19CAB-E95E-49B9-9F29-4B17A6CE08E6}.Release|Any CPU.ActiveCfg = Release|Any CPU
		{8EC19CAB-E95E-49B9-9F29-4B17A6CE08E6}.Release|Any CPU.Build.0 = Release|Any CPU
	EndGlobalSection
	GlobalSection(SolutionProperties) = preSolution
		HideSolutionNode = FALSE
	EndGlobalSection
	GlobalSection(NestedProjects) = preSolution
		{57F4BE40-C5BE-4E3F-A225-CC8580064374} = {7E3A182A-DAB8-42C4-B894-462310A4413D}
		{27C287EA-170D-449F-8532-C3EB8B1F697B} = {7E3A182A-DAB8-42C4-B894-462310A4413D}
		{2DFB14F6-7B7F-4A80-843C-00BD0FADAD77} = {32EAB53B-8578-4984-BB0E-400319BF81C0}
		{18262321-6DAA-4E57-8F3D-6883F05CF7BC} = {2DFB14F6-7B7F-4A80-843C-00BD0FADAD77}
		{FAF32273-D1F7-4EA2-A7B0-CEE82CECE9C1} = {32EAB53B-8578-4984-BB0E-400319BF81C0}
		{301779A8-8592-41CF-9592-A3D4C40F662E} = {FAF32273-D1F7-4EA2-A7B0-CEE82CECE9C1}
		{D1164415-E3AC-44E0-A6B0-AB84204B9528} = {32EAB53B-8578-4984-BB0E-400319BF81C0}
		{C91D9237-12DD-4C5B-BFF3-A11B2DCB194E} = {D1164415-E3AC-44E0-A6B0-AB84204B9528}
		{8EC19CAB-E95E-49B9-9F29-4B17A6CE08E6} = {D1164415-E3AC-44E0-A6B0-AB84204B9528}
	EndGlobalSection
	GlobalSection(ExtensibilityGlobals) = postSolution
		SolutionGuid = {60EB42EB-412F-47EF-A761-5C4B68339C59}
	EndGlobalSection
EndGlobal
